# THIS IS AN AUTOGENERATED FILE. DO NOT EDIT THIS FILE DIRECTLY.
# yarn lockfile v1


bluebird@^3.5.0:
  version "3.7.2"
  resolved "https://registry.npm.taobao.org/bluebird/download/bluebird-3.7.2.tgz#9f229c15be272454ffa973ace0dbee79a1b0c36f"
  integrity sha1-nyKcFb4nJFT/qXOs4NvueaGww28=

minify-json@^1.0.0:
  version "1.0.0"
  resolved "https://registry.nlark.com/minify-json/download/minify-json-1.0.0.tgz#b55b9fa1998d5623b8cdafcbdbe51042fb3e4c6c"
  integrity sha1-tVufoZmNViO4za/L2+UQQvs+TGw=
  dependencies:
    bluebird "^3.5.0"
